// !$*UTF8*$!
{
	archiveVersion = 1;
	classes = {
	};
	objectVersion = 60;
	objects = {

/* Begin PBXBuildFile section */
		242974312F96D496001E05D8 /* Assets.xcassets in Resources */ = {isa = PBXBuildFile; fileRef = 2442EF462F96D123001F449F /* Assets.xcassets */; };
		242974332F97106A001E05D8 /* ImageViewGeometry.swift in Sources */ = {isa = PBXBuildFile; fileRef = 242974322F97106A001E05D8 /* ImageViewGeometry.swift */; };
		248134532F9DF035004B375A /* WoundClinical in Frameworks */ = {isa = PBXBuildFile; productRef = 248134522F9DF035004B375A /* WoundClinical */; };
		248134592F9DF097004B375A /* PatientCoordinator.swift in Sources */ = {isa = PBXBuildFile; fileRef = 248134582F9DF097004B375A /* PatientCoordinator.swift */; };
		2481345B2F9DF097004B375A /* PatientListViewModel.swift in Sources */ = {isa = PBXBuildFile; fileRef = 2481345A2F9DF097004B375A /* PatientListViewModel.swift */; };
		2481345D2F9DF0C5004B375A /* PatientCell.swift in Sources */ = {isa = PBXBuildFile; fileRef = 2481345C2F9DF0C5004B375A /* PatientCell.swift */; };
		2481345F2F9DF0C5004B375A /* PatientListViewController.swift in Sources */ = {isa = PBXBuildFile; fileRef = 2481345E2F9DF0C5004B375A /* PatientListViewController.swift */; };
		248134612F9DF0DC004B375A /* PatientDetailViewModel.swift in Sources */ = {isa = PBXBuildFile; fileRef = 248134602F9DF0DC004B375A /* PatientDetailViewModel.swift */; };
		248134632F9DF0DC004B375A /* WoundSummaryCell.swift in Sources */ = {isa = PBXBuildFile; fileRef = 248134622F9DF0DC004B375A /* WoundSummaryCell.swift */; };
		248134652F9DF103004B375A /* PatientDetailViewController.swift in Sources */ = {isa = PBXBuildFile; fileRef = 248134642F9DF103004B375A /* PatientDetailViewController.swift */; };
		248134672F9DF103004B375A /* PatientFormViewModel.swift in Sources */ = {isa = PBXBuildFile; fileRef = 248134662F9DF103004B375A /* PatientFormViewModel.swift */; };
		248134692F9DF128004B375A /* PatientFormViewController.swift in Sources */ = {isa = PBXBuildFile; fileRef = 248134682F9DF128004B375A /* PatientFormViewController.swift */; };
		2481346B2F9DF149004B375A /* DashboardCoordinator.swift in Sources */ = {isa = PBXBuildFile; fileRef = 2481346A2F9DF149004B375A /* DashboardCoordinator.swift */; };
		2481346D2F9DF149004B375A /* SettingsCoordinator.swift in Sources */ = {isa = PBXBuildFile; fileRef = 2481346C2F9DF149004B375A /* SettingsCoordinator.swift */; };
		2481346F2F9DF172004B375A /* DashboardViewModel.swift in Sources */ = {isa = PBXBuildFile; fileRef = 2481346E2F9DF172004B375A /* DashboardViewModel.swift */; };
		248134712F9DF172004B375A /* DashboardViewController.swift in Sources */ = {isa = PBXBuildFile; fileRef = 248134702F9DF172004B375A /* DashboardViewController.swift */; };
		248134752F9F004B004B375A /* WoundAssessmentViewModel.swift in Sources */ = {isa = PBXBuildFile; fileRef = 248134742F9F004B004B375A /* WoundAssessmentViewModel.swift */; };
		248134772F9F0085004B375A /* WoundAssessmentViewController.swift in Sources */ = {isa = PBXBuildFile; fileRef = 248134762F9F0085004B375A /* WoundAssessmentViewController.swift */; };
		248134792F9F00A5004B375A /* PostScanAssignmentViewController.swift in Sources */ = {isa = PBXBuildFile; fileRef = 248134782F9F00A5004B375A /* PostScanAssignmentViewController.swift */; };
		249019E32F98790D006CFC7B /* FeatureFlags.swift in Sources */ = {isa = PBXBuildFile; fileRef = 249019E22F98790D006CFC7B /* FeatureFlags.swift */; };
		249019E62F9879E9006CFC7B /* V5CaptureViewModel.swift in Sources */ = {isa = PBXBuildFile; fileRef = 249019E52F9879E9006CFC7B /* V5CaptureViewModel.swift */; };
		249019E82F9879F7006CFC7B /* V5CaptureView.swift in Sources */ = {isa = PBXBuildFile; fileRef = 249019E72F9879F7006CFC7B /* V5CaptureView.swift */; };
		249019EA2F987A10006CFC7B /* ARViewRepresentable.swift in Sources */ = {isa = PBXBuildFile; fileRef = 249019E92F987A10006CFC7B /* ARViewRepresentable.swift */; };
		249019EC2F987A10006CFC7B /* DistanceRingView.swift in Sources */ = {isa = PBXBuildFile; fileRef = 249019EB2F987A10006CFC7B /* DistanceRingView.swift */; };
		249019EE2F987A11006CFC7B /* TrackingIndicatorView.swift in Sources */ = {isa = PBXBuildFile; fileRef = 249019ED2F987A11006CFC7B /* TrackingIndicatorView.swift */; };
		249019F02F987A12006CFC7B /* ConfidenceHeatmapOverlay.swift in Sources */ = {isa = PBXBuildFile; fileRef = 249019EF2F987A12006CFC7B /* ConfidenceHeatmapOverlay.swift */; };
		249019F22F987A20006CFC7B /* CaptureButtonView.swift in Sources */ = {isa = PBXBuildFile; fileRef = 249019F12F987A20006CFC7B /* CaptureButtonView.swift */; };
		249019F42F987A21006CFC7B /* GuidanceCardView.swift in Sources */ = {isa = PBXBuildFile; fileRef = 249019F32F987A21006CFC7B /* GuidanceCardView.swift */; };
		249019F62F987A22006CFC7B /* V5CaptureHostingController.swift in Sources */ = {isa = PBXBuildFile; fileRef = 249019F52F987A22006CFC7B /* V5CaptureHostingController.swift */; };
		249019F92F987A42006CFC7B /* CaptureBundleEntity.swift in Sources */ = {isa = PBXBuildFile; fileRef = 249019F82F987A42006CFC7B /* CaptureBundleEntity.swift */; };
		249019FB2F987A42006CFC7B /* SwiftDataCaptureBundleStore.swift in Sources */ = {isa = PBXBuildFile; fileRef = 249019FA2F987A42006CFC7B /* SwiftDataCaptureBundleStore.swift */; };
		249019FD2F989EAC006CFC7B /* Settings 2.bundle in Resources */ = {isa = PBXBuildFile; fileRef = 249019FC2F989EAC006CFC7B /* Settings 2.bundle */; };
		249019FF2F99C5F3006CFC7B /* SegmentationErrorMessages.swift in Sources */ = {isa = PBXBuildFile; fileRef = 249019FE2F99C5F3006CFC7B /* SegmentationErrorMessages.swift */; };
		24901A012F99C61B006CFC7B /* WoundTypeOverride.swift in Sources */ = {isa = PBXBuildFile; fileRef = 24901A002F99C61B006CFC7B /* WoundTypeOverride.swift */; };
		24901A042F99C694006CFC7B /* SegmenterDebugViewController.swift in Sources */ = {isa = PBXBuildFile; fileRef = 24901A032F99C694006CFC7B /* SegmenterDebugViewController.swift */; };
		24901A062F99CE82006CFC7B /* DeveloperMode.swift in Sources */ = {isa = PBXBuildFile; fileRef = 24901A052F99CE82006CFC7B /* DeveloperMode.swift */; };
		24901A082F99E3BD006CFC7B /* CaptureQualityIndicatorView.swift in Sources */ = {isa = PBXBuildFile; fileRef = 24901A072F99E3BD006CFC7B /* CaptureQualityIndicatorView.swift */; };
		24901A0A2F99E7CB006CFC7B /* BrandedNavigationController.swift in Sources */ = {isa = PBXBuildFile; fileRef = 24901A092F99E7CB006CFC7B /* BrandedNavigationController.swift */; };
		24901A0D2F9B2444006CFC7B /* CaptureSync in Frameworks */ = {isa = PBXBuildFile; productRef = 24901A0C2F9B2444006CFC7B /* CaptureSync */; };
		24901A122F9B2797006CFC7B /* SettingsViewController.swift in Sources */ = {isa = PBXBuildFile; fileRef = 24901A112F9B2797006CFC7B /* SettingsViewController.swift */; };
		24901A142F9B2797006CFC7B /* ClinicalPlatformSettingsViewController.swift in Sources */ = {isa = PBXBuildFile; fileRef = 24901A132F9B2797006CFC7B /* ClinicalPlatformSettingsViewController.swift */; };
		24901A162F9DDFAE006CFC7B /* LocalClinicalStorage.swift in Sources */ = {isa = PBXBuildFile; fileRef = 24901A152F9DDFAE006CFC7B /* LocalClinicalStorage.swift */; };
		249403B82F972F9F000FB77F /* CrashLogger.swift in Sources */ = {isa = PBXBuildFile; fileRef = 249403B72F972F9F000FB77F /* CrashLogger.swift */; };
		BBBB00000000000000000001 /* AppDelegate.swift in Sources */ = {isa = PBXBuildFile; fileRef = AAAA00000000000000000001 /* AppDelegate.swift */; };
		BBBB00000000000000000002 /* DependencyContainer.swift in Sources */ = {isa = PBXBuildFile; fileRef = AAAA00000000000000000002 /* DependencyContainer.swift */; };
		BBBB00000000000000000003 /* SceneDelegate.swift in Sources */ = {isa = PBXBuildFile; fileRef = AAAA00000000000000000003 /* SceneDelegate.swift */; };
		BBBB00000000000000000004 /* AppCoordinator.swift in Sources */ = {isa = PBXBuildFile; fileRef = AAAA00000000000000000004 /* AppCoordinator.swift */; };
		BBBB00000000000000000005 /* CaptureCoordinator.swift in Sources */ = {isa = PBXBuildFile; fileRef = AAAA00000000000000000005 /* CaptureCoordinator.swift */; };
		BBBB00000000000000000006 /* Coordinator.swift in Sources */ = {isa = PBXBuildFile; fileRef = AAAA00000000000000000006 /* Coordinator.swift */; };
		BBBB00000000000000000007 /* ScanListCoordinator.swift in Sources */ = {isa = PBXBuildFile; fileRef = AAAA00000000000000000007 /* ScanListCoordinator.swift */; };
		BBBB00000000000000000008 /* BoundaryDrawingViewController.swift in Sources */ = {isa = PBXBuildFile; fileRef = AAAA00000000000000000008 /* BoundaryDrawingViewController.swift */; };
		BBBB00000000000000000009 /* BoundaryDrawingViewModel.swift in Sources */ = {isa = PBXBuildFile; fileRef = AAAA00000000000000000009 /* BoundaryDrawingViewModel.swift */; };
		BBBB00000000000000000010 /* CaptureViewController.swift in Sources */ = {isa = PBXBuildFile; fileRef = AAAA00000000000000000010 /* CaptureViewController.swift */; };
		BBBB00000000000000000011 /* CaptureViewModel.swift in Sources */ = {isa = PBXBuildFile; fileRef = AAAA00000000000000000011 /* CaptureViewModel.swift */; };
		BBBB00000000000000000012 /* MeasurementResultViewController.swift in Sources */ = {isa = PBXBuildFile; fileRef = AAAA00000000000000000012 /* MeasurementResultViewController.swift */; };
		BBBB00000000000000000013 /* MeasurementResultViewModel.swift in Sources */ = {isa = PBXBuildFile; fileRef = AAAA00000000000000000013 /* MeasurementResultViewModel.swift */; };
		BBBB00000000000000000014 /* ScanDetailViewController.swift in Sources */ = {isa = PBXBuildFile; fileRef = AAAA00000000000000000014 /* ScanDetailViewController.swift */; };
		BBBB00000000000000000015 /* ScanDetailViewModel.swift in Sources */ = {isa = PBXBuildFile; fileRef = AAAA00000000000000000015 /* ScanDetailViewModel.swift */; };
		BBBB00000000000000000016 /* ScanCell.swift in Sources */ = {isa = PBXBuildFile; fileRef = AAAA00000000000000000016 /* ScanCell.swift */; };
		BBBB00000000000000000017 /* ScanListViewController.swift in Sources */ = {isa = PBXBuildFile; fileRef = AAAA00000000000000000017 /* ScanListViewController.swift */; };
		BBBB00000000000000000018 /* ScanListViewModel.swift in Sources */ = {isa = PBXBuildFile; fileRef = AAAA00000000000000000018 /* ScanListViewModel.swift */; };
		BBBB00000000000000000019 /* HealthStyleComponents.swift in Sources */ = {isa = PBXBuildFile; fileRef = AAAA00000000000000000019 /* HealthStyleComponents.swift */; };
		BBBB00000000000000000020 /* WoundImageOverlayView.swift in Sources */ = {isa = PBXBuildFile; fileRef = AAAA00000000000000000020 /* WoundImageOverlayView.swift */; };
		BBBB00000000000000000101 /* WoundCore in Frameworks */ = {isa = PBXBuildFile; productRef = 444400000000000000000001 /* WoundCore */; };
		BBBB00000000000000000102 /* WoundCapture in Frameworks */ = {isa = PBXBuildFile; productRef = 444400000000000000000002 /* WoundCapture */; };
		BBBB00000000000000000103 /* WoundBoundary in Frameworks */ = {isa = PBXBuildFile; productRef = 444400000000000000000003 /* WoundBoundary */; };
		BBBB00000000000000000104 /* WoundMeasurement in Frameworks */ = {isa = PBXBuildFile; productRef = 444400000000000000000004 /* WoundMeasurement */; };
		BBBB00000000000000000105 /* WoundNetworking in Frameworks */ = {isa = PBXBuildFile; productRef = 444400000000000000000005 /* WoundNetworking */; };
		BBBB00000000000000000106 /* WoundAutoSegmentation in Frameworks */ = {isa = PBXBuildFile; productRef = 444400000000000000000006 /* WoundAutoSegmentation */; };
/* End PBXBuildFile section */

/* Begin PBXFileReference section */
		242974322F97106A001E05D8 /* ImageViewGeometry.swift */ = {isa = PBXFileReference; lastKnownFileType = sourcecode.swift; path = ImageViewGeometry.swift; sourceTree = "<group>"; };
		2442EF462F96D123001F449F /* Assets.xcassets */ = {isa = PBXFileReference; lastKnownFileType = folder.assetcatalog; path = Assets.xcassets; sourceTree = "<group>"; };
		248134582F9DF097004B375A /* PatientCoordinator.swift */ = {isa = PBXFileReference; lastKnownFileType = sourcecode.swift; path = PatientCoordinator.swift; sourceTree = "<group>"; };
		2481345A2F9DF097004B375A /* PatientListViewModel.swift */ = {isa = PBXFileReference; lastKnownFileType = sourcecode.swift; path = PatientListViewModel.swift; sourceTree = "<group>"; };
		2481345C2F9DF0C5004B375A /* PatientCell.swift */ = {isa = PBXFileReference; lastKnownFileType = sourcecode.swift; path = PatientCell.swift; sourceTree = "<group>"; };
		2481345E2F9DF0C5004B375A /* PatientListViewController.swift */ = {isa = PBXFileReference; lastKnownFileType = sourcecode.swift; path = PatientListViewController.swift; sourceTree = "<group>"; };
		248134602F9DF0DC004B375A /* PatientDetailViewModel.swift */ = {isa = PBXFileReference; lastKnownFileType = sourcecode.swift; path = PatientDetailViewModel.swift; sourceTree = "<group>"; };
		248134622F9DF0DC004B375A /* WoundSummaryCell.swift */ = {isa = PBXFileReference; lastKnownFileType = sourcecode.swift; path = WoundSummaryCell.swift; sourceTree = "<group>"; };
		248134642F9DF103004B375A /* PatientDetailViewController.swift */ = {isa = PBXFileReference; lastKnownFileType = sourcecode.swift; path = PatientDetailViewController.swift; sourceTree = "<group>"; };
		248134662F9DF103004B375A /* PatientFormViewModel.swift */ = {isa = PBXFileReference; lastKnownFileType = sourcecode.swift; path = PatientFormViewModel.swift; sourceTree = "<group>"; };
		248134682F9DF128004B375A /* PatientFormViewController.swift */ = {isa = PBXFileReference; lastKnownFileType = sourcecode.swift; path = PatientFormViewController.swift; sourceTree = "<group>"; };
		2481346A2F9DF149004B375A /* DashboardCoordinator.swift */ = {isa = PBXFileReference; lastKnownFileType = sourcecode.swift; path = DashboardCoordinator.swift; sourceTree = "<group>"; };
		2481346C2F9DF149004B375A /* SettingsCoordinator.swift */ = {isa = PBXFileReference; lastKnownFileType = sourcecode.swift; path = SettingsCoordinator.swift; sourceTree = "<group>"; };
		2481346E2F9DF172004B375A /* DashboardViewModel.swift */ = {isa = PBXFileReference; lastKnownFileType = sourcecode.swift; path = DashboardViewModel.swift; sourceTree = "<group>"; };
		248134702F9DF172004B375A /* DashboardViewController.swift */ = {isa = PBXFileReference; lastKnownFileType = sourcecode.swift; path = DashboardViewController.swift; sourceTree = "<group>"; };
		248134742F9F004B004B375A /* WoundAssessmentViewModel.swift */ = {isa = PBXFileReference; lastKnownFileType = sourcecode.swift; path = WoundAssessmentViewModel.swift; sourceTree = "<group>"; };
		248134762F9F0085004B375A /* WoundAssessmentViewController.swift */ = {isa = PBXFileReference; lastKnownFileType = sourcecode.swift; path = WoundAssessmentViewController.swift; sourceTree = "<group>"; };
		248134782F9F00A5004B375A /* PostScanAssignmentViewController.swift */ = {isa = PBXFileReference; lastKnownFileType = sourcecode.swift; path = PostScanAssignmentViewController.swift; sourceTree = "<group>"; };
		249019E22F98790D006CFC7B /* FeatureFlags.swift */ = {isa = PBXFileReference; lastKnownFileType = sourcecode.swift; path = FeatureFlags.swift; sourceTree = "<group>"; };
		249019E52F9879E9006CFC7B /* V5CaptureViewModel.swift */ = {isa = PBXFileReference; lastKnownFileType = sourcecode.swift; path = V5CaptureViewModel.swift; sourceTree = "<group>"; };
		249019E72F9879F7006CFC7B /* V5CaptureView.swift */ = {isa = PBXFileReference; lastKnownFileType = sourcecode.swift; path = V5CaptureView.swift; sourceTree = "<group>"; };
		249019E92F987A10006CFC7B /* ARViewRepresentable.swift */ = {isa = PBXFileReference; lastKnownFileType = sourcecode.swift; path = ARViewRepresentable.swift; sourceTree = "<group>"; };
		249019EB2F987A10006CFC7B /* DistanceRingView.swift */ = {isa = PBXFileReference; lastKnownFileType = sourcecode.swift; path = DistanceRingView.swift; sourceTree = "<group>"; };
		249019ED2F987A11006CFC7B /* TrackingIndicatorView.swift */ = {isa = PBXFileReference; lastKnownFileType = sourcecode.swift; path = TrackingIndicatorView.swift; sourceTree = "<group>"; };
		249019EF2F987A12006CFC7B /* ConfidenceHeatmapOverlay.swift */ = {isa = PBXFileReference; lastKnownFileType = sourcecode.swift; path = ConfidenceHeatmapOverlay.swift; sourceTree = "<group>"; };
		249019F12F987A20006CFC7B /* CaptureButtonView.swift */ = {isa = PBXFileReference; lastKnownFileType = sourcecode.swift; path = CaptureButtonView.swift; sourceTree = "<group>"; };
		249019F32F987A21006CFC7B /* GuidanceCardView.swift */ = {isa = PBXFileReference; lastKnownFileType = sourcecode.swift; path = GuidanceCardView.swift; sourceTree = "<group>"; };
		249019F52F987A22006CFC7B /* V5CaptureHostingController.swift */ = {isa = PBXFileReference; lastKnownFileType = sourcecode.swift; path = V5CaptureHostingController.swift; sourceTree = "<group>"; };
		249019F82F987A42006CFC7B /* CaptureBundleEntity.swift */ = {isa = PBXFileReference; lastKnownFileType = sourcecode.swift; path = CaptureBundleEntity.swift; sourceTree = "<group>"; };
		249019FA2F987A42006CFC7B /* SwiftDataCaptureBundleStore.swift */ = {isa = PBXFileReference; lastKnownFileType = sourcecode.swift; path = SwiftDataCaptureBundleStore.swift; sourceTree = "<group>"; };
		249019FC2F989EAC006CFC7B /* Settings 2.bundle */ = {isa = PBXFileReference; lastKnownFileType = "wrapper.plug-in"; path = "Settings 2.bundle"; sourceTree = "<group>"; };
		249019FE2F99C5F3006CFC7B /* SegmentationErrorMessages.swift */ = {isa = PBXFileReference; lastKnownFileType = sourcecode.swift; path = SegmentationErrorMessages.swift; sourceTree = "<group>"; };
		24901A002F99C61B006CFC7B /* WoundTypeOverride.swift */ = {isa = PBXFileReference; lastKnownFileType = sourcecode.swift; path = WoundTypeOverride.swift; sourceTree = "<group>"; };
		24901A032F99C694006CFC7B /* SegmenterDebugViewController.swift */ = {isa = PBXFileReference; lastKnownFileType = sourcecode.swift; path = SegmenterDebugViewController.swift; sourceTree = "<group>"; };
		24901A052F99CE82006CFC7B /* DeveloperMode.swift */ = {isa = PBXFileReference; lastKnownFileType = sourcecode.swift; path = DeveloperMode.swift; sourceTree = "<group>"; };
		24901A072F99E3BD006CFC7B /* CaptureQualityIndicatorView.swift */ = {isa = PBXFileReference; lastKnownFileType = sourcecode.swift; path = CaptureQualityIndicatorView.swift; sourceTree = "<group>"; };
		24901A092F99E7CB006CFC7B /* BrandedNavigationController.swift */ = {isa = PBXFileReference; lastKnownFileType = sourcecode.swift; path = BrandedNavigationController.swift; sourceTree = "<group>"; };
		24901A112F9B2797006CFC7B /* SettingsViewController.swift */ = {isa = PBXFileReference; lastKnownFileType = sourcecode.swift; path = SettingsViewController.swift; sourceTree = "<group>"; };
		24901A132F9B2797006CFC7B /* ClinicalPlatformSettingsViewController.swift */ = {isa = PBXFileReference; lastKnownFileType = sourcecode.swift; path = ClinicalPlatformSettingsViewController.swift; sourceTree = "<group>"; };
		24901A152F9DDFAE006CFC7B /* LocalClinicalStorage.swift */ = {isa = PBXFileReference; lastKnownFileType = sourcecode.swift; path = LocalClinicalStorage.swift; sourceTree = "<group>"; };
		249403B72F972F9F000FB77F /* CrashLogger.swift */ = {isa = PBXFileReference; lastKnownFileType = sourcecode.swift; path = CrashLogger.swift; sourceTree = "<group>"; };
		AAAA00000000000000000001 /* AppDelegate.swift */ = {isa = PBXFileReference; lastKnownFileType = sourcecode.swift; path = AppDelegate.swift; sourceTree = "<group>"; };
		AAAA00000000000000000002 /* DependencyContainer.swift */ = {isa = PBXFileReference; lastKnownFileType = sourcecode.swift; path = DependencyContainer.swift; sourceTree = "<group>"; };
		AAAA00000000000000000003 /* SceneDelegate.swift */ = {isa = PBXFileReference; lastKnownFileType = sourcecode.swift; path = SceneDelegate.swift; sourceTree = "<group>"; };
		AAAA00000000000000000004 /* AppCoordinator.swift */ = {isa = PBXFileReference; lastKnownFileType = sourcecode.swift; path = AppCoordinator.swift; sourceTree = "<group>"; };
		AAAA00000000000000000005 /* CaptureCoordinator.swift */ = {isa = PBXFileReference; lastKnownFileType = sourcecode.swift; path = CaptureCoordinator.swift; sourceTree = "<group>"; };
		AAAA00000000000000000006 /* Coordinator.swift */ = {isa = PBXFileReference; lastKnownFileType = sourcecode.swift; path = Coordinator.swift; sourceTree = "<group>"; };
		AAAA00000000000000000007 /* ScanListCoordinator.swift */ = {isa = PBXFileReference; lastKnownFileType = sourcecode.swift; path = ScanListCoordinator.swift; sourceTree = "<group>"; };
		AAAA00000000000000000008 /* BoundaryDrawingViewController.swift */ = {isa = PBXFileReference; lastKnownFileType = sourcecode.swift; path = BoundaryDrawingViewController.swift; sourceTree = "<group>"; };
		AAAA00000000000000000009 /* BoundaryDrawingViewModel.swift */ = {isa = PBXFileReference; lastKnownFileType = sourcecode.swift; path = BoundaryDrawingViewModel.swift; sourceTree = "<group>"; };
		AAAA00000000000000000010 /* CaptureViewController.swift */ = {isa = PBXFileReference; lastKnownFileType = sourcecode.swift; path = CaptureViewController.swift; sourceTree = "<group>"; };
		AAAA00000000000000000011 /* CaptureViewModel.swift */ = {isa = PBXFileReference; lastKnownFileType = sourcecode.swift; path = CaptureViewModel.swift; sourceTree = "<group>"; };
		AAAA00000000000000000012 /* MeasurementResultViewController.swift */ = {isa = PBXFileReference; lastKnownFileType = sourcecode.swift; path = MeasurementResultViewController.swift; sourceTree = "<group>"; };
		AAAA00000000000000000013 /* MeasurementResultViewModel.swift */ = {isa = PBXFileReference; lastKnownFileType = sourcecode.swift; path = MeasurementResultViewModel.swift; sourceTree = "<group>"; };
		AAAA00000000000000000014 /* ScanDetailViewController.swift */ = {isa = PBXFileReference; lastKnownFileType = sourcecode.swift; path = ScanDetailViewController.swift; sourceTree = "<group>"; };
		AAAA00000000000000000015 /* ScanDetailViewModel.swift */ = {isa = PBXFileReference; lastKnownFileType = sourcecode.swift; path = ScanDetailViewModel.swift; sourceTree = "<group>"; };
		AAAA00000000000000000016 /* ScanCell.swift */ = {isa = PBXFileReference; lastKnownFileType = sourcecode.swift; path = ScanCell.swift; sourceTree = "<group>"; };
		AAAA00000000000000000017 /* ScanListViewController.swift */ = {isa = PBXFileReference; lastKnownFileType = sourcecode.swift; path = ScanListViewController.swift; sourceTree = "<group>"; };
		AAAA00000000000000000018 /* ScanListViewModel.swift */ = {isa = PBXFileReference; lastKnownFileType = sourcecode.swift; path = ScanListViewModel.swift; sourceTree = "<group>"; };
		AAAA00000000000000000019 /* HealthStyleComponents.swift */ = {isa = PBXFileReference; lastKnownFileType = sourcecode.swift; path = HealthStyleComponents.swift; sourceTree = "<group>"; };
		AAAA00000000000000000020 /* WoundImageOverlayView.swift */ = {isa = PBXFileReference; lastKnownFileType = sourcecode.swift; path = WoundImageOverlayView.swift; sourceTree = "<group>"; };
		AAAA00000000000000000021 /* Info.plist */ = {isa = PBXFileReference; lastKnownFileType = text.plist.xml; path = Info.plist; sourceTree = "<group>"; };
		AAAA00000000000000000022 /* WoundOS.app */ = {isa = PBXFileReference; explicitFileType = wrapper.application; includeInIndex = 0; path = WoundOS.app; sourceTree = BUILT_PRODUCTS_DIR; };
/* End PBXFileReference section */

/* Begin PBXFrameworksBuildPhase section */
		DDDD00000000000000000002 /* Frameworks */ = {
			isa = PBXFrameworksBuildPhase;
			buildActionMask = 2147483647;
			files = (
				24901A0D2F9B2444006CFC7B /* CaptureSync in Frameworks */,
				248134532F9DF035004B375A /* WoundClinical in Frameworks */,
				BBBB00000000000000000101 /* WoundCore in Frameworks */,
				BBBB00000000000000000102 /* WoundCapture in Frameworks */,
				BBBB00000000000000000103 /* WoundBoundary in Frameworks */,
				BBBB00000000000000000104 /* WoundMeasurement in Frameworks */,
				BBBB00000000000000000105 /* WoundNetworking in Frameworks */,
				BBBB00000000000000000106 /* WoundAutoSegmentation in Frameworks */,
			);
			runOnlyForDeploymentPostprocessing = 0;
		};
/* End PBXFrameworksBuildPhase section */

/* Begin PBXGroup section */
		248134542F9DF083004B375A /* PatientList */ = {
			isa = PBXGroup;
			children = (
				2481345A2F9DF097004B375A /* PatientListViewModel.swift */,
				2481345C2F9DF0C5004B375A /* PatientCell.swift */,
				2481345E2F9DF0C5004B375A /* PatientListViewController.swift */,
			);
			path = PatientList;
			sourceTree = "<group>";
		};
		248134552F9DF083004B375A /* PatientDetail */ = {
			isa = PBXGroup;
			children = (
				248134602F9DF0DC004B375A /* PatientDetailViewModel.swift */,
				248134622F9DF0DC004B375A /* WoundSummaryCell.swift */,
				248134642F9DF103004B375A /* PatientDetailViewController.swift */,
			);
			path = PatientDetail;
			sourceTree = "<group>";
		};
		248134562F9DF084004B375A /* PatientForm */ = {
			isa = PBXGroup;
			children = (
				248134662F9DF103004B375A /* PatientFormViewModel.swift */,
				248134682F9DF128004B375A /* PatientFormViewController.swift */,
			);
			path = PatientForm;
			sourceTree = "<group>";
		};
		248134572F9DF084004B375A /* Dashboard */ = {
			isa = PBXGroup;
			children = (
				2481346E2F9DF172004B375A /* DashboardViewModel.swift */,
				248134702F9DF172004B375A /* DashboardViewController.swift */,
			);
			path = Dashboard;
			sourceTree = "<group>";
		};
		248134722F9F0036004B375A /* WoundAssessment */ = {
			isa = PBXGroup;
			children = (
				248134742F9F004B004B375A /* WoundAssessmentViewModel.swift */,
				248134762F9F0085004B375A /* WoundAssessmentViewController.swift */,
			);
			path = WoundAssessment;
			sourceTree = "<group>";
		};
		248134732F9F0037004B375A /* PostScanAssignment */ = {
			isa = PBXGroup;
			children = (
				248134782F9F00A5004B375A /* PostScanAssignmentViewController.swift */,
			);
			path = PostScanAssignment;
			sourceTree = "<group>";
		};
		249019E42F9879D4006CFC7B /* V5Capture */ = {
			isa = PBXGroup;
			children = (
				249019E52F9879E9006CFC7B /* V5CaptureViewModel.swift */,
				249019E72F9879F7006CFC7B /* V5CaptureView.swift */,
				249019E92F987A10006CFC7B /* ARViewRepresentable.swift */,
				249019EB2F987A10006CFC7B /* DistanceRingView.swift */,
				249019ED2F987A11006CFC7B /* TrackingIndicatorView.swift */,
				249019EF2F987A12006CFC7B /* ConfidenceHeatmapOverlay.swift */,
				249019F12F987A20006CFC7B /* CaptureButtonView.swift */,
				249019F32F987A21006CFC7B /* GuidanceCardView.swift */,
				249019F52F987A22006CFC7B /* V5CaptureHostingController.swift */,
				24901A072F99E3BD006CFC7B /* CaptureQualityIndicatorView.swift */,
			);
			path = V5Capture;
			sourceTree = "<group>";
		};
		249019F72F987A2D006CFC7B /* Storage */ = {
			isa = PBXGroup;
			children = (
				249019F82F987A42006CFC7B /* CaptureBundleEntity.swift */,
				249019FA2F987A42006CFC7B /* SwiftDataCaptureBundleStore.swift */,
				24901A152F9DDFAE006CFC7B /* LocalClinicalStorage.swift */,
			);
			path = Storage;
			sourceTree = "<group>";
		};
		24901A022F99C66B006CFC7B /* Debug */ = {
			isa = PBXGroup;
			children = (
				24901A032F99C694006CFC7B /* SegmenterDebugViewController.swift */,
			);
			path = Debug;
			sourceTree = "<group>";
		};
		24901A102F9B2758006CFC7B /* Settings */ = {
			isa = PBXGroup;
			children = (
				24901A112F9B2797006CFC7B /* SettingsViewController.swift */,
				24901A132F9B2797006CFC7B /* ClinicalPlatformSettingsViewController.swift */,
			);
			path = Settings;
			sourceTree = "<group>";
		};
		249403B62F972F81000FB77F /* Utilities */ = {
			isa = PBXGroup;
			children = (
				249403B72F972F9F000FB77F /* CrashLogger.swift */,
				249019E22F98790D006CFC7B /* FeatureFlags.swift */,
				249019FE2F99C5F3006CFC7B /* SegmentationErrorMessages.swift */,
				24901A002F99C61B006CFC7B /* WoundTypeOverride.swift */,
				24901A052F99CE82006CFC7B /* DeveloperMode.swift */,
				24901A092F99E7CB006CFC7B /* BrandedNavigationController.swift */,
			);
			path = Utilities;
			sourceTree = "<group>";
		};
		CCCC00000000000000000001 = {
			isa = PBXGroup;
			children = (
				CCCC00000000000000000002 /* WoundOS */,
				CCCC00000000000000000013 /* Products */,
			);
			sourceTree = "<group>";
		};
		CCCC00000000000000000002 /* WoundOS */ = {
			isa = PBXGroup;
			children = (
				CCCC00000000000000000003 /* App */,
				CCCC00000000000000000004 /* Coordinators */,
				CCCC00000000000000000005 /* Scenes */,
				CCCC00000000000000000011 /* Views */,
				CCCC00000000000000000012 /* Resources */,
				249403B62F972F81000FB77F /* Utilities */,
				249019F72F987A2D006CFC7B /* Storage */,
				249019FC2F989EAC006CFC7B /* Settings 2.bundle */,
			);
			path = WoundOS;
			sourceTree = "<group>";
		};
		CCCC00000000000000000003 /* App */ = {
			isa = PBXGroup;
			children = (
				AAAA00000000000000000001 /* AppDelegate.swift */,
				AAAA00000000000000000002 /* DependencyContainer.swift */,
				AAAA00000000000000000003 /* SceneDelegate.swift */,
			);
			path = App;
			sourceTree = "<group>";
		};
		CCCC00000000000000000004 /* Coordinators */ = {
			isa = PBXGroup;
			children = (
				AAAA00000000000000000004 /* AppCoordinator.swift */,
				AAAA00000000000000000005 /* CaptureCoordinator.swift */,
				AAAA00000000000000000006 /* Coordinator.swift */,
				AAAA00000000000000000007 /* ScanListCoordinator.swift */,
				248134582F9DF097004B375A /* PatientCoordinator.swift */,
				2481346A2F9DF149004B375A /* DashboardCoordinator.swift */,
				2481346C2F9DF149004B375A /* SettingsCoordinator.swift */,
			);
			path = Coordinators;
			sourceTree = "<group>";
		};
		CCCC00000000000000000005 /* Scenes */ = {
			isa = PBXGroup;
			children = (
				CCCC00000000000000000006 /* BoundaryDrawing */,
				CCCC00000000000000000007 /* Capture */,
				CCCC00000000000000000008 /* Measurement */,
				CCCC00000000000000000009 /* ScanDetail */,
				CCCC00000000000000000010 /* ScanList */,
				249019E42F9879D4006CFC7B /* V5Capture */,
				24901A022F99C66B006CFC7B /* Debug */,
				24901A102F9B2758006CFC7B /* Settings */,
				248134542F9DF083004B375A /* PatientList */,
				248134552F9DF083004B375A /* PatientDetail */,
				248134562F9DF084004B375A /* PatientForm */,
				248134572F9DF084004B375A /* Dashboard */,
				248134722F9F0036004B375A /* WoundAssessment */,
				248134732F9F0037004B375A /* PostScanAssignment */,
			);
			path = Scenes;
			sourceTree = "<group>";
		};
		CCCC00000000000000000006 /* BoundaryDrawing */ = {
			isa = PBXGroup;
			children = (
				AAAA00000000000000000008 /* BoundaryDrawingViewController.swift */,
				AAAA00000000000000000009 /* BoundaryDrawingViewModel.swift */,
				242974322F97106A001E05D8 /* ImageViewGeometry.swift */,
			);
			path = BoundaryDrawing;
			sourceTree = "<group>";
		};
		CCCC00000000000000000007 /* Capture */ = {
			isa = PBXGroup;
			children = (
				AAAA00000000000000000010 /* CaptureViewController.swift */,
				AAAA00000000000000000011 /* CaptureViewModel.swift */,
			);
			path = Capture;
			sourceTree = "<group>";
		};
		CCCC00000000000000000008 /* Measurement */ = {
			isa = PBXGroup;
			children = (
				AAAA00000000000000000012 /* MeasurementResultViewController.swift */,
				AAAA00000000000000000013 /* MeasurementResultViewModel.swift */,
			);
			path = Measurement;
			sourceTree = "<group>";
		};
		CCCC00000000000000000009 /* ScanDetail */ = {
			isa = PBXGroup;
			children = (
				AAAA00000000000000000014 /* ScanDetailViewController.swift */,
				AAAA00000000000000000015 /* ScanDetailViewModel.swift */,
			);
			path = ScanDetail;
			sourceTree = "<group>";
		};
		CCCC00000000000000000010 /* ScanList */ = {
			isa = PBXGroup;
			children = (
				AAAA00000000000000000016 /* ScanCell.swift */,
				AAAA00000000000000000017 /* ScanListViewController.swift */,
				AAAA00000000000000000018 /* ScanListViewModel.swift */,
			);
			path = ScanList;
			sourceTree = "<group>";
		};
		CCCC00000000000000000011 /* Views */ = {
			isa = PBXGroup;
			children = (
				AAAA00000000000000000019 /* HealthStyleComponents.swift */,
				AAAA00000000000000000020 /* WoundImageOverlayView.swift */,
			);
			path = Views;
			sourceTree = "<group>";
		};
		CCCC00000000000000000012 /* Resources */ = {
			isa = PBXGroup;
			children = (
				AAAA00000000000000000021 /* Info.plist */,
				2442EF462F96D123001F449F /* Assets.xcassets */,
			);
			path = Resources;
			sourceTree = "<group>";
		};
		CCCC00000000000000000013 /* Products */ = {
			isa = PBXGroup;
			children = (
				AAAA00000000000000000022 /* WoundOS.app */,
			);
			name = Products;
			sourceTree = "<group>";
		};
/* End PBXGroup section */

/* Begin PBXNativeTarget section */
		EEEE00000000000000000001 /* WoundOS */ = {
			isa = PBXNativeTarget;
			buildConfigurationList = FFFF00000000000000000001 /* Build configuration list for PBXNativeTarget "WoundOS" */;
			buildPhases = (
				DDDD00000000000000000001 /* Sources */,
				DDDD00000000000000000002 /* Frameworks */,
				DDDD00000000000000000003 /* Resources */,
			);
			buildRules = (
			);
			dependencies = (
			);
			name = WoundOS;
			packageProductDependencies = (
				444400000000000000000001 /* WoundCore */,
				444400000000000000000002 /* WoundCapture */,
				444400000000000000000003 /* WoundBoundary */,
				444400000000000000000004 /* WoundMeasurement */,
				444400000000000000000005 /* WoundNetworking */,
				444400000000000000000006 /* WoundAutoSegmentation */,
				24901A0C2F9B2444006CFC7B /* CaptureSync */,
				248134522F9DF035004B375A /* WoundClinical */,
			);
			productName = WoundOS;
			productReference = AAAA00000000000000000022 /* WoundOS.app */;
			productType = "com.apple.product-type.application";
		};
/* End PBXNativeTarget section */

/* Begin PBXProject section */
		222200000000000000000001 /* Project object */ = {
			isa = PBXProject;
			attributes = {
				BuildIndependentTargetsInParallel = 1;
				LastSwiftUpdateCheck = 1500;
				LastUpgradeCheck = 1500;
				TargetAttributes = {
					EEEE00000000000000000001 = {
						CreatedOnToolsVersion = 15.0;
					};
				};
			};
			buildConfigurationList = FFFF00000000000000000002 /* Build configuration list for PBXProject "WoundOS" */;
			compatibilityVersion = "Xcode 14.0";
			developmentRegion = en;
			hasScannedForEncodings = 0;
			knownRegions = (
				en,
				Base,
			);
			mainGroup = CCCC00000000000000000001;
			packageReferences = (
				333300000000000000000001 /* XCLocalSwiftPackageReference "Packages/WoundCore" */,
				333300000000000000000002 /* XCLocalSwiftPackageReference "Packages/WoundCapture" */,
				333300000000000000000003 /* XCLocalSwiftPackageReference "Packages/WoundBoundary" */,
				333300000000000000000004 /* XCLocalSwiftPackageReference "Packages/WoundMeasurement" */,
				333300000000000000000005 /* XCLocalSwiftPackageReference "Packages/WoundNetworking" */,
				333300000000000000000006 /* XCLocalSwiftPackageReference "Packages/WoundAutoSegmentation" */,
				24901A0B2F9B2444006CFC7B /* XCLocalSwiftPackageReference "Packages/CaptureSync" */,
				248134512F9DF035004B375A /* XCLocalSwiftPackageReference "Packages/WoundClinical" */,
			);
			productRefGroup = CCCC00000000000000000013 /* Products */;
			projectDirPath = "";
			projectRoot = "";
			targets = (
				EEEE00000000000000000001 /* WoundOS */,
			);
		};
/* End PBXProject section */

/* Begin PBXResourcesBuildPhase section */
		DDDD00000000000000000003 /* Resources */ = {
			isa = PBXResourcesBuildPhase;
			buildActionMask = 2147483647;
			files = (
				249019FD2F989EAC006CFC7B /* Settings 2.bundle in Resources */,
				242974312F96D496001E05D8 /* Assets.xcassets in Resources */,
			);
			runOnlyForDeploymentPostprocessing = 0;
		};
/* End PBXResourcesBuildPhase section */

/* Begin PBXSourcesBuildPhase section */
		DDDD00000000000000000001 /* Sources */ = {
			isa = PBXSourcesBuildPhase;
			buildActionMask = 2147483647;
			files = (
				24901A082F99E3BD006CFC7B /* CaptureQualityIndicatorView.swift in Sources */,
				BBBB00000000000000000001 /* AppDelegate.swift in Sources */,
				BBBB00000000000000000002 /* DependencyContainer.swift in Sources */,
				249019EA2F987A10006CFC7B /* ARViewRepresentable.swift in Sources */,
				248134632F9DF0DC004B375A /* WoundSummaryCell.swift in Sources */,
				BBBB00000000000000000003 /* SceneDelegate.swift in Sources */,
				BBBB00000000000000000004 /* AppCoordinator.swift in Sources */,
				242974332F97106A001E05D8 /* ImageViewGeometry.swift in Sources */,
				24901A122F9B2797006CFC7B /* SettingsViewController.swift in Sources */,
				BBBB00000000000000000005 /* CaptureCoordinator.swift in Sources */,
				248134772F9F0085004B375A /* WoundAssessmentViewController.swift in Sources */,
				BBBB00000000000000000006 /* Coordinator.swift in Sources */,
				BBBB00000000000000000007 /* ScanListCoordinator.swift in Sources */,
				BBBB00000000000000000008 /* BoundaryDrawingViewController.swift in Sources */,
				BBBB00000000000000000009 /* BoundaryDrawingViewModel.swift in Sources */,
				24901A142F9B2797006CFC7B /* ClinicalPlatformSettingsViewController.swift in Sources */,
				248134712F9DF172004B375A /* DashboardViewController.swift in Sources */,
				BBBB00000000000000000010 /* CaptureViewController.swift in Sources */,
				BBBB00000000000000000011 /* CaptureViewModel.swift in Sources */,
				24901A012F99C61B006CFC7B /* WoundTypeOverride.swift in Sources */,
				248134692F9DF128004B375A /* PatientFormViewController.swift in Sources */,
				24901A042F99C694006CFC7B /* SegmenterDebugViewController.swift in Sources */,
				248134672F9DF103004B375A /* PatientFormViewModel.swift in Sources */,
				BBBB00000000000000000012 /* MeasurementResultViewController.swift in Sources */,
				2481345D2F9DF0C5004B375A /* PatientCell.swift in Sources */,
				249019E32F98790D006CFC7B /* FeatureFlags.swift in Sources */,
				2481346B2F9DF149004B375A /* DashboardCoordinator.swift in Sources */,
				2481345F2F9DF0C5004B375A /* PatientListViewController.swift in Sources */,
				2481346F2F9DF172004B375A /* DashboardViewModel.swift in Sources */,
				249019F42F987A21006CFC7B /* GuidanceCardView.swift in Sources */,
				2481345B2F9DF097004B375A /* PatientListViewModel.swift in Sources */,
				249019E62F9879E9006CFC7B /* V5CaptureViewModel.swift in Sources */,
				249019EC2F987A10006CFC7B /* DistanceRingView.swift in Sources */,
				248134652F9DF103004B375A /* PatientDetailViewController.swift in Sources */,
				249019EE2F987A11006CFC7B /* TrackingIndicatorView.swift in Sources */,
				248134752F9F004B004B375A /* WoundAssessmentViewModel.swift in Sources */,
				248134592F9DF097004B375A /* PatientCoordinator.swift in Sources */,
				249019E82F9879F7006CFC7B /* V5CaptureView.swift in Sources */,
				249019F62F987A22006CFC7B /* V5CaptureHostingController.swift in Sources */,
				24901A0A2F99E7CB006CFC7B /* BrandedNavigationController.swift in Sources */,
				24901A162F9DDFAE006CFC7B /* LocalClinicalStorage.swift in Sources */,
				BBBB00000000000000000013 /* MeasurementResultViewModel.swift in Sources */,
				248134792F9F00A5004B375A /* PostScanAssignmentViewController.swift in Sources */,
				249019F92F987A42006CFC7B /* CaptureBundleEntity.swift in Sources */,
				BBBB00000000000000000014 /* ScanDetailViewController.swift in Sources */,
				BBBB00000000000000000015 /* ScanDetailViewModel.swift in Sources */,
				BBBB00000000000000000016 /* ScanCell.swift in Sources */,
				249019F22F987A20006CFC7B /* CaptureButtonView.swift in Sources */,
				249019F02F987A12006CFC7B /* ConfidenceHeatmapOverlay.swift in Sources */,
				BBBB00000000000000000017 /* ScanListViewController.swift in Sources */,
				24901A062F99CE82006CFC7B /* DeveloperMode.swift in Sources */,
				BBBB00000000000000000018 /* ScanListViewModel.swift in Sources */,
				249403B82F972F9F000FB77F /* CrashLogger.swift in Sources */,
				248134612F9DF0DC004B375A /* PatientDetailViewModel.swift in Sources */,
				2481346D2F9DF149004B375A /* SettingsCoordinator.swift in Sources */,
				249019FF2F99C5F3006CFC7B /* SegmentationErrorMessages.swift in Sources */,
				BBBB00000000000000000019 /* HealthStyleComponents.swift in Sources */,
				249019FB2F987A42006CFC7B /* SwiftDataCaptureBundleStore.swift in Sources */,
				BBBB00000000000000000020 /* WoundImageOverlayView.swift in Sources */,
			);
			runOnlyForDeploymentPostprocessing = 0;
		};
/* End PBXSourcesBuildPhase section */

/* Begin XCBuildConfiguration section */
		111100000000000000000001 /* Debug */ = {
			isa = XCBuildConfiguration;
			buildSettings = {
				ASSETCATALOG_COMPILER_APPICON_NAME = AppIcon;
				ASSETCATALOG_COMPILER_GENERATE_ASSET_SYMBOLS = NO;
				CODE_SIGN_STYLE = Automatic;
				CURRENT_PROJECT_VERSION = 38;
				DEVELOPMENT_TEAM = 829CPR87G4;
				GENERATE_INFOPLIST_FILE = NO;
				INFOPLIST_FILE = WoundOS/Resources/Info.plist;
				INFOPLIST_KEY_UIApplicationSupportsIndirectInputEvents = YES;
				IPHONEOS_DEPLOYMENT_TARGET = 17.6;
				LD_RUNPATH_SEARCH_PATHS = (
					"$(inherited)",
					"@executable_path/Frameworks",
				);
				MARKETING_VERSION = 3.0.0;
				PRODUCT_BUNDLE_IDENTIFIER = com.woundos.clinical;
				PRODUCT_NAME = "$(TARGET_NAME)";
				SUPPORTED_PLATFORMS = "iphoneos iphonesimulator";
				SUPPORTS_MACCATALYST = NO;
				SUPPORTS_XR_DESIGNED_FOR_IPHONE_IPAD = NO;
				SWIFT_EMIT_LOC_STRINGS = YES;
				SWIFT_VERSION = 5.0;
				TARGETED_DEVICE_FAMILY = 1;
			};
			name = Debug;
		};
		111100000000000000000002 /* Release */ = {
			isa = XCBuildConfiguration;
			buildSettings = {
				ASSETCATALOG_COMPILER_APPICON_NAME = AppIcon;
				ASSETCATALOG_COMPILER_GENERATE_ASSET_SYMBOLS = NO;
				CODE_SIGN_STYLE = Automatic;
				CURRENT_PROJECT_VERSION = 38;
				DEVELOPMENT_TEAM = 829CPR87G4;
				GENERATE_INFOPLIST_FILE = NO;
				INFOPLIST_FILE = WoundOS/Resources/Info.plist;
				INFOPLIST_KEY_UIApplicationSupportsIndirectInputEvents = YES;
				IPHONEOS_DEPLOYMENT_TARGET = 17.6;
				LD_RUNPATH_SEARCH_PATHS = (
					"$(inherited)",
					"@executable_path/Frameworks",
				);
				MARKETING_VERSION = 3.0.0;
				PRODUCT_BUNDLE_IDENTIFIER = com.woundos.clinical;
				PRODUCT_NAME = "$(TARGET_NAME)";
				SUPPORTED_PLATFORMS = "iphoneos iphonesimulator";
				SUPPORTS_MACCATALYST = NO;
				SUPPORTS_XR_DESIGNED_FOR_IPHONE_IPAD = NO;
				SWIFT_EMIT_LOC_STRINGS = YES;
				SWIFT_VERSION = 5.0;
				TARGETED_DEVICE_FAMILY = 1;
			};
			name = Release;
		};
		111100000000000000000003 /* Debug */ = {
			isa = XCBuildConfiguration;
			buildSettings = {
				ALWAYS_SEARCH_USER_PATHS = NO;
				ASSETCATALOG_COMPILER_APPICON_NAME = AppIcon;
				ASSETCATALOG_COMPILER_GENERATE_ASSET_SYMBOLS = NO;
				CLANG_ANALYZER_NONNULL = YES;
				CLANG_ANALYZER_NUMBER_OBJECT_CONVERSION = YES_AGGRESSIVE;
				CLANG_CXX_LANGUAGE_STANDARD = "gnu++20";
				CLANG_ENABLE_MODULES = YES;
				CLANG_ENABLE_OBJC_ARC = YES;
				CLANG_ENABLE_OBJC_WEAK = YES;
				CLANG_WARN_BLOCK_CAPTURE_AUTORELEASING = YES;
				CLANG_WARN_BOOL_CONVERSION = YES;
				CLANG_WARN_COMMA = YES;
				CLANG_WARN_CONSTANT_CONVERSION = YES;
				CLANG_WARN_DEPRECATED_OBJC_IMPLEMENTATIONS = YES;
				CLANG_WARN_DIRECT_OBJC_ISA_USAGE = YES_ERROR;
				CLANG_WARN_DOCUMENTATION_COMMENTS = YES;
				CLANG_WARN_EMPTY_BODY = YES;
				CLANG_WARN_ENUM_CONVERSION = YES;
				CLANG_WARN_INFINITE_RECURSION = YES;
				CLANG_WARN_INT_CONVERSION = YES;
				CLANG_WARN_NON_LITERAL_NULL_CONVERSION = YES;
				CLANG_WARN_OBJC_IMPLICIT_RETAIN_SELF = YES;
				CLANG_WARN_OBJC_LITERAL_CONVERSION = YES;
				CLANG_WARN_OBJC_ROOT_CLASS = YES_ERROR;
				CLANG_WARN_QUOTED_INCLUDE_IN_FRAMEWORK_HEADER = YES;
				CLANG_WARN_RANGE_LOOP_ANALYSIS = YES;
				CLANG_WARN_STRICT_PROTOTYPES = YES;
				CLANG_WARN_SUSPICIOUS_MOVE = YES;
				CLANG_WARN_UNGUARDED_AVAILABILITY = YES_AGGRESSIVE;
				CLANG_WARN_UNREACHABLE_CODE = YES;
				CLANG_WARN__DUPLICATE_METHOD_MATCH = YES;
				COPY_PHASE_STRIP = NO;
				DEBUG_INFORMATION_FORMAT = dwarf;
				ENABLE_STRICT_OBJC_MSGSEND = YES;
				ENABLE_TESTABILITY = YES;
				ENABLE_USER_SCRIPT_SANDBOXING = YES;
				GCC_C_LANGUAGE_STANDARD = gnu17;
				GCC_DYNAMIC_NO_PIC = NO;
				GCC_NO_COMMON_BLOCKS = YES;
				GCC_OPTIMIZATION_LEVEL = 0;
				GCC_PREPROCESSOR_DEFINITIONS = (
					"DEBUG=1",
					"$(inherited)",
				);
				GCC_WARN_64_TO_32_BIT_CONVERSION = YES;
				GCC_WARN_ABOUT_RETURN_TYPE = YES_ERROR;
				GCC_WARN_UNDECLARED_SELECTOR = YES;
				GCC_WARN_UNINITIALIZED_AUTOS = YES_AGGRESSIVE;
				GCC_WARN_UNUSED_FUNCTION = YES;
				GCC_WARN_UNUSED_VARIABLE = YES;
				IPHONEOS_DEPLOYMENT_TARGET = 16.0;
				LOCALIZATION_PREFERS_STRING_CATALOGS = YES;
				MTL_ENABLE_DEBUG_INFO = INCLUDE_SOURCE;
				MTL_FAST_MATH = YES;
				ONLY_ACTIVE_ARCH = YES;
				SDKROOT = iphoneos;
				SWIFT_ACTIVE_COMPILATION_CONDITIONS = "DEBUG $(inherited)";
				SWIFT_OPTIMIZATION_LEVEL = "-Onone";
			};
			name = Debug;
		};
		111100000000000000000004 /* Release */ = {
			isa = XCBuildConfiguration;
			buildSettings = {
				ALWAYS_SEARCH_USER_PATHS = NO;
				ASSETCATALOG_COMPILER_APPICON_NAME = AppIcon;
				ASSETCATALOG_COMPILER_GENERATE_ASSET_SYMBOLS = NO;
				CLANG_ANALYZER_NONNULL = YES;
				CLANG_ANALYZER_NUMBER_OBJECT_CONVERSION = YES_AGGRESSIVE;
				CLANG_CXX_LANGUAGE_STANDARD = "gnu++20";
				CLANG_ENABLE_MODULES = YES;
				CLANG_ENABLE_OBJC_ARC = YES;
				CLANG_ENABLE_OBJC_WEAK = YES;
				CLANG_WARN_BLOCK_CAPTURE_AUTORELEASING = YES;
				CLANG_WARN_BOOL_CONVERSION = YES;
				CLANG_WARN_COMMA = YES;
				CLANG_WARN_CONSTANT_CONVERSION = YES;
				CLANG_WARN_DEPRECATED_OBJC_IMPLEMENTATIONS = YES;
				CLANG_WARN_DIRECT_OBJC_ISA_USAGE = YES_ERROR;
				CLANG_WARN_DOCUMENTATION_COMMENTS = YES;
				CLANG_WARN_EMPTY_BODY = YES;
				CLANG_WARN_ENUM_CONVERSION = YES;
				CLANG_WARN_INFINITE_RECURSION = YES;
				CLANG_WARN_INT_CONVERSION = YES;
				CLANG_WARN_NON_LITERAL_NULL_CONVERSION = YES;
				CLANG_WARN_OBJC_IMPLICIT_RETAIN_SELF = YES;
				CLANG_WARN_OBJC_LITERAL_CONVERSION = YES;
				CLANG_WARN_OBJC_ROOT_CLASS = YES_ERROR;
				CLANG_WARN_QUOTED_INCLUDE_IN_FRAMEWORK_HEADER = YES;
				CLANG_WARN_RANGE_LOOP_ANALYSIS = YES;
				CLANG_WARN_STRICT_PROTOTYPES = YES;
				CLANG_WARN_SUSPICIOUS_MOVE = YES;
				CLANG_WARN_UNGUARDED_AVAILABILITY = YES_AGGRESSIVE;
				CLANG_WARN_UNREACHABLE_CODE = YES;
				CLANG_WARN__DUPLICATE_METHOD_MATCH = YES;
				COPY_PHASE_STRIP = NO;
				DEBUG_INFORMATION_FORMAT = "dwarf-with-dsym";
				ENABLE_NS_ASSERTIONS = NO;
				ENABLE_STRICT_OBJC_MSGSEND = YES;
				ENABLE_USER_SCRIPT_SANDBOXING = YES;
				GCC_C_LANGUAGE_STANDARD = gnu17;
				GCC_NO_COMMON_BLOCKS = YES;
				GCC_WARN_64_TO_32_BIT_CONVERSION = YES;
				GCC_WARN_ABOUT_RETURN_TYPE = YES_ERROR;
				GCC_WARN_UNDECLARED_SELECTOR = YES;
				GCC_WARN_UNINITIALIZED_AUTOS = YES_AGGRESSIVE;
				GCC_WARN_UNUSED_FUNCTION = YES;
				GCC_WARN_UNUSED_VARIABLE = YES;
				IPHONEOS_DEPLOYMENT_TARGET = 16.0;
				LOCALIZATION_PREFERS_STRING_CATALOGS = YES;
				MTL_ENABLE_DEBUG_INFO = NO;
				MTL_FAST_MATH = YES;
				SDKROOT = iphoneos;
				SWIFT_COMPILATION_MODE = wholemodule;
				VALIDATE_PRODUCT = YES;
			};
			name = Release;
		};
/* End XCBuildConfiguration section */

/* Begin XCConfigurationList section */
		FFFF00000000000000000001 /* Build configuration list for PBXNativeTarget "WoundOS" */ = {
			isa = XCConfigurationList;
			buildConfigurations = (
				111100000000000000000001 /* Debug */,
				111100000000000000000002 /* Release */,
			);
			defaultConfigurationIsVisible = 0;
			defaultConfigurationName = Release;
		};
		FFFF00000000000000000002 /* Build configuration list for PBXProject "WoundOS" */ = {
			isa = XCConfigurationList;
			buildConfigurations = (
				111100000000000000000003 /* Debug */,
				111100000000000000000004 /* Release */,
			);
			defaultConfigurationIsVisible = 0;
			defaultConfigurationName = Release;
		};
/* End XCConfigurationList section */

/* Begin XCLocalSwiftPackageReference section */
		248134512F9DF035004B375A /* XCLocalSwiftPackageReference "Packages/WoundClinical" */ = {
			isa = XCLocalSwiftPackageReference;
			relativePath = Packages/WoundClinical;
		};
		24901A0B2F9B2444006CFC7B /* XCLocalSwiftPackageReference "Packages/CaptureSync" */ = {
			isa = XCLocalSwiftPackageReference;
			relativePath = Packages/CaptureSync;
		};
		333300000000000000000001 /* XCLocalSwiftPackageReference "Packages/WoundCore" */ = {
			isa = XCLocalSwiftPackageReference;
			relativePath = Packages/WoundCore;
		};
		333300000000000000000002 /* XCLocalSwiftPackageReference "Packages/WoundCapture" */ = {
			isa = XCLocalSwiftPackageReference;
			relativePath = Packages/WoundCapture;
		};
		333300000000000000000003 /* XCLocalSwiftPackageReference "Packages/WoundBoundary" */ = {
			isa = XCLocalSwiftPackageReference;
			relativePath = Packages/WoundBoundary;
		};
		333300000000000000000004 /* XCLocalSwiftPackageReference "Packages/WoundMeasurement" */ = {
			isa = XCLocalSwiftPackageReference;
			relativePath = Packages/WoundMeasurement;
		};
		333300000000000000000005 /* XCLocalSwiftPackageReference "Packages/WoundNetworking" */ = {
			isa = XCLocalSwiftPackageReference;
			relativePath = Packages/WoundNetworking;
		};
		333300000000000000000006 /* XCLocalSwiftPackageReference "Packages/WoundAutoSegmentation" */ = {
			isa = XCLocalSwiftPackageReference;
			relativePath = Packages/WoundAutoSegmentation;
		};
/* End XCLocalSwiftPackageReference section */

/* Begin XCSwiftPackageProductDependency section */
		248134522F9DF035004B375A /* WoundClinical */ = {
			isa = XCSwiftPackageProductDependency;
			productName = WoundClinical;
		};
		24901A0C2F9B2444006CFC7B /* CaptureSync */ = {
			isa = XCSwiftPackageProductDependency;
			productName = CaptureSync;
		};
		444400000000000000000001 /* WoundCore */ = {
			isa = XCSwiftPackageProductDependency;
			package = 333300000000000000000001 /* XCLocalSwiftPackageReference "Packages/WoundCore" */;
			productName = WoundCore;
		};
		444400000000000000000002 /* WoundCapture */ = {
			isa = XCSwiftPackageProductDependency;
			package = 333300000000000000000002 /* XCLocalSwiftPackageReference "Packages/WoundCapture" */;
			productName = WoundCapture;
		};
		444400000000000000000003 /* WoundBoundary */ = {
			isa = XCSwiftPackageProductDependency;
			package = 333300000000000000000003 /* XCLocalSwiftPackageReference "Packages/WoundBoundary" */;
			productName = WoundBoundary;
		};
		444400000000000000000004 /* WoundMeasurement */ = {
			isa = XCSwiftPackageProductDependency;
			package = 333300000000000000000004 /* XCLocalSwiftPackageReference "Packages/WoundMeasurement" */;
			productName = WoundMeasurement;
		};
		444400000000000000000005 /* WoundNetworking */ = {
			isa = XCSwiftPackageProductDependency;
			package = 333300000000000000000005 /* XCLocalSwiftPackageReference "Packages/WoundNetworking" */;
			productName = WoundNetworking;
		};
		444400000000000000000006 /* WoundAutoSegmentation */ = {
			isa = XCSwiftPackageProductDependency;
			package = 333300000000000000000006 /* XCLocalSwiftPackageReference "Packages/WoundAutoSegmentation" */;
			productName = WoundAutoSegmentation;
		};
/* End XCSwiftPackageProductDependency section */
	};
	rootObject = 222200000000000000000001 /* Project object */;
}
